
Microsoft Visual Studio Solution File, Format Version 12.00
# Visual Studio Version 17
VisualStudioVersion = 17.2.32602.215
MinimumVisualStudioVersion = 10.0.40219.1
Project("{FAE04EC0-301F-11D3-BF4B-00C04F79EFBC}") = "AdoNetLib", "AdoNetLib\AdoNetLib.csproj", "{75769456-18EF-4EBF-BC1C-97B2588EF31F}"
EndProject
Project("{FAE04EC0-301F-11D3-BF4B-00C04F79EFBC}") = "AdoNetModuleConsole", "AdoNetModuleConsole\AdoNetModuleConsole.csproj", "{29C1F2B5-1476-43AC-99B8-FD39BEE5CE2D}"
EndProject
Global
	GlobalSection(SolutionConfigurationPlatforms) = preSolution
		Debug|Any CPU = Debug|Any CPU
		Release|Any CPU = Release|Any CPU
	EndGlobalSection
	GlobalSection(ProjectConfigurationPlatforms) = postSolution
		{75769456-18EF-4EBF-BC1C-97B2588EF31F}.Debug|Any CPU.ActiveCfg = Debug|Any CPU
		{75769456-18EF-4EBF-BC1C-97B2588EF31F}.Debug|Any CPU.Build.0 = Debug|Any CPU
		{75769456-18EF-4EBF-BC1C-97B2588EF31F}.Release|Any CPU.ActiveCfg = Release|Any CPU
		{75769456-18EF-4EBF-BC1C-97B2588EF31F}.Release|Any CPU.Build.0 = Release|Any CPU
		{29C1F2B5-1476-43AC-99B8-FD39BEE5CE2D}.Debug|Any CPU.ActiveCfg = Debug|Any CPU
		{29C1F2B5-1476-43AC-99B8-FD39BEE5CE2D}.Debug|Any CPU.Build.0 = Debug|Any CPU
		{29C1F2B5-1476-43AC-99B8-FD39BEE5CE2D}.Release|Any CPU.ActiveCfg = Release|Any CPU
		{29C1F2B5-1476-43AC-99B8-FD39BEE5CE2D}.Release|Any CPU.Build.0 = Release|Any CPU
	EndGlobalSection
	GlobalSection(SolutionProperties) = preSolution
		HideSolutionNode = FALSE
	EndGlobalSection
	GlobalSection(ExtensibilityGlobals) = postSolution
		SolutionGuid = {F55BFEBF-5132-41A7-AFE9-43CF53BF7D03}
	EndGlobalSection
EndGlobal
